
Microsoft Visual Studio Solution File, Format Version 12.00
# Visual Studio Version 16
VisualStudioVersion = 16.0.31005.135
MinimumVisualStudioVersion = 10.0.40219.1
Project("{9A19103F-16F7-4668-BE54-9A1E7A4F7556}") = "WebApplication1", "WebApplication1\WebApplication1.csproj", "{3C2A8BDD-EEF4-4325-BF5E-B9B3689185E5}"
EndProject
Project("{9092AA53-FB77-4645-B42D-1CCCA6BD08BD}") = "PizzaAppClient", "PizzaAppClient\PizzaAppClient.njsproj", "{5A05D746-42D7-47EA-A9CA-20B7DB36FC0D}"
EndProject
Global
	GlobalSection(SolutionConfigurationPlatforms) = preSolution
		Debug|Any CPU = Debug|Any CPU
		Release|Any CPU = Release|Any CPU
	EndGlobalSection
	GlobalSection(ProjectConfigurationPlatforms) = postSolution
		{3C2A8BDD-EEF4-4325-BF5E-B9B3689185E5}.Debug|Any CPU.ActiveCfg = Debug|Any CPU
		{3C2A8BDD-EEF4-4325-BF5E-B9B3689185E5}.Debug|Any CPU.Build.0 = Debug|Any CPU
		{3C2A8BDD-EEF4-4325-BF5E-B9B3689185E5}.Release|Any CPU.ActiveCfg = Release|Any CPU
		{3C2A8BDD-EEF4-4325-BF5E-B9B3689185E5}.Release|Any CPU.Build.0 = Release|Any CPU
		{5A05D746-42D7-47EA-A9CA-20B7DB36FC0D}.Debug|Any CPU.ActiveCfg = Debug|Any CPU
		{5A05D746-42D7-47EA-A9CA-20B7DB36FC0D}.Debug|Any CPU.Build.0 = Debug|Any CPU
		{5A05D746-42D7-47EA-A9CA-20B7DB36FC0D}.Release|Any CPU.ActiveCfg = Release|Any CPU
		{5A05D746-42D7-47EA-A9CA-20B7DB36FC0D}.Release|Any CPU.Build.0 = Release|Any CPU
	EndGlobalSection
	GlobalSection(SolutionProperties) = preSolution
		HideSolutionNode = FALSE
	EndGlobalSection
	GlobalSection(ExtensibilityGlobals) = postSolution
		SolutionGuid = {FC23E297-7317-4489-9E53-EEF812E27640}
	EndGlobalSection
EndGlobal
